
Microsoft Visual Studio Solution File, Format Version 12.00
# Visual Studio Version 17
VisualStudioVersion = 17.4.33403.182
MinimumVisualStudioVersion = 10.0.40219.1
Project("{9A19103F-16F7-4668-BE54-9A1E7A4F7556}") = "FacialEmotionDetectionWebApp", "FacialEmotionDetectionWebApp\FacialEmotionDetectionWebApp.csproj", "{A85AF662-0BAF-47B7-889A-636972B97DF6}"
EndProject
Global
	GlobalSection(SolutionConfigurationPlatforms) = preSolution
		Debug|Any CPU = Debug|Any CPU
		Release|Any CPU = Release|Any CPU
	EndGlobalSection
	GlobalSection(ProjectConfigurationPlatforms) = postSolution
		{A85AF662-0BAF-47B7-889A-636972B97DF6}.Debug|Any CPU.ActiveCfg = Debug|Any CPU
		{A85AF662-0BAF-47B7-889A-636972B97DF6}.Debug|Any CPU.Build.0 = Debug|Any CPU
		{A85AF662-0BAF-47B7-889A-636972B97DF6}.Release|Any CPU.ActiveCfg = Release|Any CPU
		{A85AF662-0BAF-47B7-889A-636972B97DF6}.Release|Any CPU.Build.0 = Release|Any CPU
	EndGlobalSection
	GlobalSection(SolutionProperties) = preSolution
		HideSolutionNode = FALSE
	EndGlobalSection
	GlobalSection(ExtensibilityGlobals) = postSolution
		SolutionGuid = {90C12DC9-542C-4987-8EC6-BF7F3742C939}
	EndGlobalSection
EndGlobal
